
Microsoft Visual Studio Solution File, Format Version 12.00
# Visual Studio Version 17
VisualStudioVersion = 17.14.36811.4
MinimumVisualStudioVersion = 10.0.40219.1
Project("{FAE04EC0-301F-11D3-BF4B-00C04F79EFBC}") = "FastDrawingVisual", "FastDrawingVisual\FastDrawingVisual.csproj", "{3041E623-9B43-1C37-FE4B-3F5FB6A8D86A}"
EndProject
Project("{FAE04EC0-301F-11D3-BF4B-00C04F79EFBC}") = "FastDrawingVisualApp", "FastDrawingVisualApp\FastDrawingVisualApp.csproj", "{F2EE8A47-12D5-577F-2EAE-C3F01824A2F3}"
EndProject
Project("{FAE04EC0-301F-11D3-BF4B-00C04F79EFBC}") = "FastDrawingVisual.Contracts", "FastDrawingVisual.Contracts\FastDrawingVisual.Contracts.csproj", "{FFA3578A-4D0D-4562-83FD-03CD3E32C937}"
EndProject
Project("{FAE04EC0-301F-11D3-BF4B-00C04F79EFBC}") = "FastDrawingVisual.SkiaSharp", "FastDrawingVisual.SkiaSharp\FastDrawingVisual.SkiaSharp.csproj", "{08222E85-90B4-46DA-A4D6-9040013A0BDD}"
EndProject
Project("{FAE04EC0-301F-11D3-BF4B-00C04F79EFBC}") = "FastDrawingVisual.WpfRenderer", "FastDrawingVisual.WpfRenderer\FastDrawingVisual.WpfRenderer.csproj", "{3AD29169-3993-464A-BF41-C567DEAA43F4}"
EndProject
Project("{FAE04EC0-301F-11D3-BF4B-00C04F79EFBC}") = "FastDrawingVisual.RenderingCore", "FastDrawingVisual.RenderingCore\FastDrawingVisual.RenderingCore.csproj", "{6E8D21E0-5D42-4E13-9B71-3FBA7F84A901}"
EndProject
Project("{8BC9CEB8-8B4A-11D0-8D11-00A0C91BC942}") = "FastDrawingVisual.NativeProxy.D3D9", "FastDrawingVisual.NativeProxy.D3D9\FastDrawingVisual.NativeProxy.D3D9.vcxproj", "{5C5209A3-C6E5-49D9-9BF0-751F9F6EAC4D}"
EndProject
Project("{8BC9CEB8-8B4A-11D0-8D11-00A0C91BC942}") = "FastDrawingVisual.NativeProxy.D3D11", "FastDrawingVisual.NativeProxy.D3D11\FastDrawingVisual.NativeProxy.D3D11.vcxproj", "{2060F08D-F2CA-41EC-8405-C0DC69E8AFBE}"
EndProject
Project("{8BC9CEB8-8B4A-11D0-8D11-00A0C91BC942}") = "FastDrawingVisual.NativeProxy.Shared", "FastDrawingVisual.NativeProxy.Shared\FastDrawingVisual.NativeProxy.Shared.vcxproj", "{AD473786-9CD6-4DD2-AE55-DA642E40BA9D}"
EndProject
Project("{8BC9CEB8-8B4A-11D0-8D11-00A0C91BC942}") = "FastDrawingVisual.WINRTProxy", "FastDrawingVisual.WINRTProxy\FastDrawingVisual.WINRTProxy.vcxproj", "{D95ABAB4-4311-4B24-B728-7C9050E8BE6B}"
EndProject
Project("{2150E333-8FDC-42A3-9474-1A3956D46DE8}") = "Utils", "Utils", "{02EA681E-C7D8-13C7-8484-4AC65E1B71E8}"
EndProject
Project("{2150E333-8FDC-42A3-9474-1A3956D46DE8}") = "D3DProxy", "D3DProxy", "{C8EC5F17-F732-4C14-A068-9D87902332A4}"
EndProject
Project("{2150E333-8FDC-42A3-9474-1A3956D46DE8}") = "Log", "Log", "{5D774255-9B8A-4C72-B267-86892EF09045}"
EndProject
Project("{FAE04EC0-301F-11D3-BF4B-00C04F79EFBC}") = "FastDrawingVisual.CommandProtocol", "FastDrawingVisual.CommandProtocol\FastDrawingVisual.CommandProtocol.csproj", "{E1F4EDCE-9DB6-4EDE-9E71-CA83149EEBC1}"
EndProject
Project("{FAE04EC0-301F-11D3-BF4B-00C04F79EFBC}") = "FastDrawingVisual.CommandRuntime", "FastDrawingVisual.CommandRuntime\FastDrawingVisual.CommandRuntime.csproj", "{A8B1BF24-4EE0-4638-A6F5-1CB71303167B}"
EndProject
Project("{8BC9CEB8-8B4A-11D0-8D11-00A0C91BC942}") = "FastDrawingVisual.LogCore", "FastDrawingVisual.LogCore\FastDrawingVisual.LogCore.vcxproj", "{4355A1C9-77AE-447D-8138-CB52E2076A0E}"
EndProject
Project("{8BC9CEB8-8B4A-11D0-8D11-00A0C91BC942}") = "FastDrawingVisual.LogClrProxy", "FastDrawingVisual.LogClrProxy\FastDrawingVisual.LogClrProxy.vcxproj", "{15E90DE2-5760-4947-B15E-F562839BDDCF}"
EndProject
Global
	GlobalSection(SolutionConfigurationPlatforms) = preSolution
		Debug|Any CPU = Debug|Any CPU
		Debug|x64 = Debug|x64
		Debug|x86 = Debug|x86
		Release|Any CPU = Release|Any CPU
		Release|x64 = Release|x64
		Release|x86 = Release|x86
	EndGlobalSection
	GlobalSection(ProjectConfigurationPlatforms) = postSolution
		{3041E623-9B43-1C37-FE4B-3F5FB6A8D86A}.Debug|Any CPU.ActiveCfg = Debug|Any CPU
		{3041E623-9B43-1C37-FE4B-3F5FB6A8D86A}.Debug|Any CPU.Build.0 = Debug|Any CPU
		{3041E623-9B43-1C37-FE4B-3F5FB6A8D86A}.Debug|x64.ActiveCfg = Debug|x64
		{3041E623-9B43-1C37-FE4B-3F5FB6A8D86A}.Debug|x64.Build.0 = Debug|x64
		{3041E623-9B43-1C37-FE4B-3F5FB6A8D86A}.Debug|x86.ActiveCfg = Debug|x86
		{3041E623-9B43-1C37-FE4B-3F5FB6A8D86A}.Debug|x86.Build.0 = Debug|x86
		{3041E623-9B43-1C37-FE4B-3F5FB6A8D86A}.Release|Any CPU.ActiveCfg = Release|Any CPU
		{3041E623-9B43-1C37-FE4B-3F5FB6A8D86A}.Release|Any CPU.Build.0 = Release|Any CPU
		{3041E623-9B43-1C37-FE4B-3F5FB6A8D86A}.Release|x64.ActiveCfg = Release|Any CPU
		{3041E623-9B43-1C37-FE4B-3F5FB6A8D86A}.Release|x64.Build.0 = Release|Any CPU
		{3041E623-9B43-1C37-FE4B-3F5FB6A8D86A}.Release|x86.ActiveCfg = Release|x86
		{3041E623-9B43-1C37-FE4B-3F5FB6A8D86A}.Release|x86.Build.0 = Release|x86
		{F2EE8A47-12D5-577F-2EAE-C3F01824A2F3}.Debug|Any CPU.ActiveCfg = Debug|Any CPU
		{F2EE8A47-12D5-577F-2EAE-C3F01824A2F3}.Debug|Any CPU.Build.0 = Debug|Any CPU
		{F2EE8A47-12D5-577F-2EAE-C3F01824A2F3}.Debug|x64.ActiveCfg = Debug|x64
		{F2EE8A47-12D5-577F-2EAE-C3F01824A2F3}.Debug|x64.Build.0 = Debug|x64
		{F2EE8A47-12D5-577F-2EAE-C3F01824A2F3}.Debug|x86.ActiveCfg = Debug|x86
		{F2EE8A47-12D5-577F-2EAE-C3F01824A2F3}.Debug|x86.Build.0 = Debug|x86
		{F2EE8A47-12D5-577F-2EAE-C3F01824A2F3}.Release|Any CPU.ActiveCfg = Release|Any CPU
		{F2EE8A47-12D5-577F-2EAE-C3F01824A2F3}.Release|Any CPU.Build.0 = Release|Any CPU
		{F2EE8A47-12D5-577F-2EAE-C3F01824A2F3}.Release|x64.ActiveCfg = Release|Any CPU
		{F2EE8A47-12D5-577F-2EAE-C3F01824A2F3}.Release|x64.Build.0 = Release|Any CPU
		{F2EE8A47-12D5-577F-2EAE-C3F01824A2F3}.Release|x86.ActiveCfg = Release|x86
		{F2EE8A47-12D5-577F-2EAE-C3F01824A2F3}.Release|x86.Build.0 = Release|x86
		{FFA3578A-4D0D-4562-83FD-03CD3E32C937}.Debug|Any CPU.ActiveCfg = Debug|Any CPU
		{FFA3578A-4D0D-4562-83FD-03CD3E32C937}.Debug|Any CPU.Build.0 = Debug|Any CPU
		{FFA3578A-4D0D-4562-83FD-03CD3E32C937}.Debug|x64.ActiveCfg = Debug|x64
		{FFA3578A-4D0D-4562-83FD-03CD3E32C937}.Debug|x64.Build.0 = Debug|x64
		{FFA3578A-4D0D-4562-83FD-03CD3E32C937}.Debug|x86.ActiveCfg = Debug|x86
		{FFA3578A-4D0D-4562-83FD-03CD3E32C937}.Debug|x86.Build.0 = Debug|x86
		{FFA3578A-4D0D-4562-83FD-03CD3E32C937}.Release|Any CPU.ActiveCfg = Release|Any CPU
		{FFA3578A-4D0D-4562-83FD-03CD3E32C937}.Release|Any CPU.Build.0 = Release|Any CPU
		{FFA3578A-4D0D-4562-83FD-03CD3E32C937}.Release|x64.ActiveCfg = Release|Any CPU
		{FFA3578A-4D0D-4562-83FD-03CD3E32C937}.Release|x64.Build.0 = Release|Any CPU
		{FFA3578A-4D0D-4562-83FD-03CD3E32C937}.Release|x86.ActiveCfg = Release|x86
		{FFA3578A-4D0D-4562-83FD-03CD3E32C937}.Release|x86.Build.0 = Release|x86
		{08222E85-90B4-46DA-A4D6-9040013A0BDD}.Debug|Any CPU.ActiveCfg = Debug|Any CPU
		{08222E85-90B4-46DA-A4D6-9040013A0BDD}.Debug|Any CPU.Build.0 = Debug|Any CPU
		{08222E85-90B4-46DA-A4D6-9040013A0BDD}.Debug|x64.ActiveCfg = Debug|x64
		{08222E85-90B4-46DA-A4D6-9040013A0BDD}.Debug|x64.Build.0 = Debug|x64
		{08222E85-90B4-46DA-A4D6-9040013A0BDD}.Debug|x86.ActiveCfg = Debug|x86
		{08222E85-90B4-46DA-A4D6-9040013A0BDD}.Debug|x86.Build.0 = Debug|x86
		{08222E85-90B4-46DA-A4D6-9040013A0BDD}.Release|Any CPU.ActiveCfg = Release|Any CPU
		{08222E85-90B4-46DA-A4D6-9040013A0BDD}.Release|Any CPU.Build.0 = Release|Any CPU
		{08222E85-90B4-46DA-A4D6-9040013A0BDD}.Release|x64.ActiveCfg = Release|Any CPU
		{08222E85-90B4-46DA-A4D6-9040013A0BDD}.Release|x64.Build.0 = Release|Any CPU
		{08222E85-90B4-46DA-A4D6-9040013A0BDD}.Release|x86.ActiveCfg = Release|x86
		{08222E85-90B4-46DA-A4D6-9040013A0BDD}.Release|x86.Build.0 = Release|x86
		{3AD29169-3993-464A-BF41-C567DEAA43F4}.Debug|Any CPU.ActiveCfg = Debug|Any CPU
		{3AD29169-3993-464A-BF41-C567DEAA43F4}.Debug|Any CPU.Build.0 = Debug|Any CPU
		{3AD29169-3993-464A-BF41-C567DEAA43F4}.Debug|x64.ActiveCfg = Debug|x64
		{3AD29169-3993-464A-BF41-C567DEAA43F4}.Debug|x64.Build.0 = Debug|x64
		{3AD29169-3993-464A-BF41-C567DEAA43F4}.Debug|x86.ActiveCfg = Debug|x86
		{3AD29169-3993-464A-BF41-C567DEAA43F4}.Debug|x86.Build.0 = Debug|x86
		{3AD29169-3993-464A-BF41-C567DEAA43F4}.Release|Any CPU.ActiveCfg = Release|Any CPU
		{3AD29169-3993-464A-BF41-C567DEAA43F4}.Release|Any CPU.Build.0 = Release|Any CPU
		{3AD29169-3993-464A-BF41-C567DEAA43F4}.Release|x64.ActiveCfg = Release|Any CPU
		{3AD29169-3993-464A-BF41-C567DEAA43F4}.Release|x64.Build.0 = Release|Any CPU
		{3AD29169-3993-464A-BF41-C567DEAA43F4}.Release|x86.ActiveCfg = Release|x86
		{3AD29169-3993-464A-BF41-C567DEAA43F4}.Release|x86.Build.0 = Release|x86
		{6E8D21E0-5D42-4E13-9B71-3FBA7F84A901}.Debug|Any CPU.ActiveCfg = Debug|Any CPU
		{6E8D21E0-5D42-4E13-9B71-3FBA7F84A901}.Debug|Any CPU.Build.0 = Debug|Any CPU
		{6E8D21E0-5D42-4E13-9B71-3FBA7F84A901}.Debug|x64.ActiveCfg = Debug|x64
		{6E8D21E0-5D42-4E13-9B71-3FBA7F84A901}.Debug|x64.Build.0 = Debug|x64
		{6E8D21E0-5D42-4E13-9B71-3FBA7F84A901}.Debug|x86.ActiveCfg = Debug|x86
		{6E8D21E0-5D42-4E13-9B71-3FBA7F84A901}.Debug|x86.Build.0 = Debug|x86
		{6E8D21E0-5D42-4E13-9B71-3FBA7F84A901}.Release|Any CPU.ActiveCfg = Release|Any CPU
		{6E8D21E0-5D42-4E13-9B71-3FBA7F84A901}.Release|Any CPU.Build.0 = Release|Any CPU
		{6E8D21E0-5D42-4E13-9B71-3FBA7F84A901}.Release|x64.ActiveCfg = Release|Any CPU
		{6E8D21E0-5D42-4E13-9B71-3FBA7F84A901}.Release|x64.Build.0 = Release|Any CPU
		{6E8D21E0-5D42-4E13-9B71-3FBA7F84A901}.Release|x86.ActiveCfg = Release|x86
		{6E8D21E0-5D42-4E13-9B71-3FBA7F84A901}.Release|x86.Build.0 = Release|x86
		{5C5209A3-C6E5-49D9-9BF0-751F9F6EAC4D}.Debug|Any CPU.ActiveCfg = Debug|x64
		{5C5209A3-C6E5-49D9-9BF0-751F9F6EAC4D}.Debug|Any CPU.Build.0 = Debug|x64
		{5C5209A3-C6E5-49D9-9BF0-751F9F6EAC4D}.Debug|x64.ActiveCfg = Debug|x64
		{5C5209A3-C6E5-49D9-9BF0-751F9F6EAC4D}.Debug|x64.Build.0 = Debug|x64
		{5C5209A3-C6E5-49D9-9BF0-751F9F6EAC4D}.Debug|x86.ActiveCfg = Debug|Win32
		{5C5209A3-C6E5-49D9-9BF0-751F9F6EAC4D}.Debug|x86.Build.0 = Debug|Win32
		{5C5209A3-C6E5-49D9-9BF0-751F9F6EAC4D}.Release|Any CPU.ActiveCfg = Release|x64
		{5C5209A3-C6E5-49D9-9BF0-751F9F6EAC4D}.Release|Any CPU.Build.0 = Release|x64
		{5C5209A3-C6E5-49D9-9BF0-751F9F6EAC4D}.Release|x64.ActiveCfg = Release|x64
		{5C5209A3-C6E5-49D9-9BF0-751F9F6EAC4D}.Release|x64.Build.0 = Release|x64
		{5C5209A3-C6E5-49D9-9BF0-751F9F6EAC4D}.Release|x86.ActiveCfg = Release|Win32
		{5C5209A3-C6E5-49D9-9BF0-751F9F6EAC4D}.Release|x86.Build.0 = Release|Win32
		{2060F08D-F2CA-41EC-8405-C0DC69E8AFBE}.Debug|Any CPU.ActiveCfg = Debug|x64
		{2060F08D-F2CA-41EC-8405-C0DC69E8AFBE}.Debug|Any CPU.Build.0 = Debug|x64
		{2060F08D-F2CA-41EC-8405-C0DC69E8AFBE}.Debug|x64.ActiveCfg = Debug|x64
		{2060F08D-F2CA-41EC-8405-C0DC69E8AFBE}.Debug|x64.Build.0 = Debug|x64
		{2060F08D-F2CA-41EC-8405-C0DC69E8AFBE}.Debug|x86.ActiveCfg = Debug|Win32
		{2060F08D-F2CA-41EC-8405-C0DC69E8AFBE}.Debug|x86.Build.0 = Debug|Win32
		{2060F08D-F2CA-41EC-8405-C0DC69E8AFBE}.Release|Any CPU.ActiveCfg = Release|x64
		{2060F08D-F2CA-41EC-8405-C0DC69E8AFBE}.Release|Any CPU.Build.0 = Release|x64
		{2060F08D-F2CA-41EC-8405-C0DC69E8AFBE}.Release|x64.ActiveCfg = Release|x64
		{2060F08D-F2CA-41EC-8405-C0DC69E8AFBE}.Release|x64.Build.0 = Release|x64
		{2060F08D-F2CA-41EC-8405-C0DC69E8AFBE}.Release|x86.ActiveCfg = Release|Win32
		{2060F08D-F2CA-41EC-8405-C0DC69E8AFBE}.Release|x86.Build.0 = Release|Win32
		{AD473786-9CD6-4DD2-AE55-DA642E40BA9D}.Debug|Any CPU.ActiveCfg = Debug|x64
		{AD473786-9CD6-4DD2-AE55-DA642E40BA9D}.Debug|Any CPU.Build.0 = Debug|x64
		{AD473786-9CD6-4DD2-AE55-DA642E40BA9D}.Debug|x64.ActiveCfg = Debug|x64
		{AD473786-9CD6-4DD2-AE55-DA642E40BA9D}.Debug|x64.Build.0 = Debug|x64
		{AD473786-9CD6-4DD2-AE55-DA642E40BA9D}.Debug|x86.ActiveCfg = Debug|Win32
		{AD473786-9CD6-4DD2-AE55-DA642E40BA9D}.Debug|x86.Build.0 = Debug|Win32
		{AD473786-9CD6-4DD2-AE55-DA642E40BA9D}.Release|Any CPU.ActiveCfg = Release|x64
		{AD473786-9CD6-4DD2-AE55-DA642E40BA9D}.Release|Any CPU.Build.0 = Release|x64
		{AD473786-9CD6-4DD2-AE55-DA642E40BA9D}.Release|x64.ActiveCfg = Release|x64
		{AD473786-9CD6-4DD2-AE55-DA642E40BA9D}.Release|x64.Build.0 = Release|x64
		{AD473786-9CD6-4DD2-AE55-DA642E40BA9D}.Release|x86.ActiveCfg = Release|Win32
		{AD473786-9CD6-4DD2-AE55-DA642E40BA9D}.Release|x86.Build.0 = Release|Win32
		{D95ABAB4-4311-4B24-B728-7C9050E8BE6B}.Debug|Any CPU.ActiveCfg = Debug|x64
		{D95ABAB4-4311-4B24-B728-7C9050E8BE6B}.Debug|Any CPU.Build.0 = Debug|x64
		{D95ABAB4-4311-4B24-B728-7C9050E8BE6B}.Debug|x64.ActiveCfg = Debug|x64
		{D95ABAB4-4311-4B24-B728-7C9050E8BE6B}.Debug|x64.Build.0 = Debug|x64
		{D95ABAB4-4311-4B24-B728-7C9050E8BE6B}.Debug|x86.ActiveCfg = Debug|Win32
		{D95ABAB4-4311-4B24-B728-7C9050E8BE6B}.Debug|x86.Build.0 = Debug|Win32
		{D95ABAB4-4311-4B24-B728-7C9050E8BE6B}.Release|Any CPU.ActiveCfg = Release|x64
		{D95ABAB4-4311-4B24-B728-7C9050E8BE6B}.Release|Any CPU.Build.0 = Release|x64
		{D95ABAB4-4311-4B24-B728-7C9050E8BE6B}.Release|x64.ActiveCfg = Release|x64
		{D95ABAB4-4311-4B24-B728-7C9050E8BE6B}.Release|x64.Build.0 = Release|x64
		{D95ABAB4-4311-4B24-B728-7C9050E8BE6B}.Release|x86.ActiveCfg = Release|Win32
		{D95ABAB4-4311-4B24-B728-7C9050E8BE6B}.Release|x86.Build.0 = Release|Win32
		{E1F4EDCE-9DB6-4EDE-9E71-CA83149EEBC1}.Debug|Any CPU.ActiveCfg = Debug|Any CPU
		{E1F4EDCE-9DB6-4EDE-9E71-CA83149EEBC1}.Debug|Any CPU.Build.0 = Debug|Any CPU
		{E1F4EDCE-9DB6-4EDE-9E71-CA83149EEBC1}.Debug|x64.ActiveCfg = Debug|x64
		{E1F4EDCE-9DB6-4EDE-9E71-CA83149EEBC1}.Debug|x64.Build.0 = Debug|x64
		{E1F4EDCE-9DB6-4EDE-9E71-CA83149EEBC1}.Debug|x86.ActiveCfg = Debug|Any CPU
		{E1F4EDCE-9DB6-4EDE-9E71-CA83149EEBC1}.Debug|x86.Build.0 = Debug|Any CPU
		{E1F4EDCE-9DB6-4EDE-9E71-CA83149EEBC1}.Release|Any CPU.ActiveCfg = Release|Any CPU
		{E1F4EDCE-9DB6-4EDE-9E71-CA83149EEBC1}.Release|Any CPU.Build.0 = Release|Any CPU
		{E1F4EDCE-9DB6-4EDE-9E71-CA83149EEBC1}.Release|x64.ActiveCfg = Release|Any CPU
		{E1F4EDCE-9DB6-4EDE-9E71-CA83149EEBC1}.Release|x64.Build.0 = Release|Any CPU
		{E1F4EDCE-9DB6-4EDE-9E71-CA83149EEBC1}.Release|x86.ActiveCfg = Release|Any CPU
		{E1F4EDCE-9DB6-4EDE-9E71-CA83149EEBC1}.Release|x86.Build.0 = Release|Any CPU
		{A8B1BF24-4EE0-4638-A6F5-1CB71303167B}.Debug|Any CPU.ActiveCfg = Debug|Any CPU
		{A8B1BF24-4EE0-4638-A6F5-1CB71303167B}.Debug|Any CPU.Build.0 = Debug|Any CPU
		{A8B1BF24-4EE0-4638-A6F5-1CB71303167B}.Debug|x64.ActiveCfg = Debug|Any CPU
		{A8B1BF24-4EE0-4638-A6F5-1CB71303167B}.Debug|x64.Build.0 = Debug|Any CPU
		{A8B1BF24-4EE0-4638-A6F5-1CB71303167B}.Debug|x86.ActiveCfg = Debug|Any CPU
		{A8B1BF24-4EE0-4638-A6F5-1CB71303167B}.Debug|x86.Build.0 = Debug|Any CPU
		{A8B1BF24-4EE0-4638-A6F5-1CB71303167B}.Release|Any CPU.ActiveCfg = Release|Any CPU
		{A8B1BF24-4EE0-4638-A6F5-1CB71303167B}.Release|Any CPU.Build.0 = Release|Any CPU
		{A8B1BF24-4EE0-4638-A6F5-1CB71303167B}.Release|x64.ActiveCfg = Release|Any CPU
		{A8B1BF24-4EE0-4638-A6F5-1CB71303167B}.Release|x64.Build.0 = Release|Any CPU
		{A8B1BF24-4EE0-4638-A6F5-1CB71303167B}.Release|x86.ActiveCfg = Release|Any CPU
		{A8B1BF24-4EE0-4638-A6F5-1CB71303167B}.Release|x86.Build.0 = Release|Any CPU
		{4355A1C9-77AE-447D-8138-CB52E2076A0E}.Debug|Any CPU.ActiveCfg = Debug|x64
		{4355A1C9-77AE-447D-8138-CB52E2076A0E}.Debug|Any CPU.Build.0 = Debug|x64
		{4355A1C9-77AE-447D-8138-CB52E2076A0E}.Debug|x64.ActiveCfg = Debug|x64
		{4355A1C9-77AE-447D-8138-CB52E2076A0E}.Debug|x64.Build.0 = Debug|x64
		{4355A1C9-77AE-447D-8138-CB52E2076A0E}.Debug|x86.ActiveCfg = Debug|Win32
		{4355A1C9-77AE-447D-8138-CB52E2076A0E}.Debug|x86.Build.0 = Debug|Win32
		{4355A1C9-77AE-447D-8138-CB52E2076A0E}.Release|Any CPU.ActiveCfg = Release|x64
		{4355A1C9-77AE-447D-8138-CB52E2076A0E}.Release|Any CPU.Build.0 = Release|x64
		{4355A1C9-77AE-447D-8138-CB52E2076A0E}.Release|x64.ActiveCfg = Release|x64
		{4355A1C9-77AE-447D-8138-CB52E2076A0E}.Release|x64.Build.0 = Release|x64
		{4355A1C9-77AE-447D-8138-CB52E2076A0E}.Release|x86.ActiveCfg = Release|Win32
		{4355A1C9-77AE-447D-8138-CB52E2076A0E}.Release|x86.Build.0 = Release|Win32
		{15E90DE2-5760-4947-B15E-F562839BDDCF}.Debug|Any CPU.ActiveCfg = Debug|x64
		{15E90DE2-5760-4947-B15E-F562839BDDCF}.Debug|Any CPU.Build.0 = Debug|x64
		{15E90DE2-5760-4947-B15E-F562839BDDCF}.Debug|x64.ActiveCfg = Debug|x64
		{15E90DE2-5760-4947-B15E-F562839BDDCF}.Debug|x64.Build.0 = Debug|x64
		{15E90DE2-5760-4947-B15E-F562839BDDCF}.Debug|x86.ActiveCfg = Debug|Win32
		{15E90DE2-5760-4947-B15E-F562839BDDCF}.Debug|x86.Build.0 = Debug|Win32
		{15E90DE2-5760-4947-B15E-F562839BDDCF}.Release|Any CPU.ActiveCfg = Release|x64
		{15E90DE2-5760-4947-B15E-F562839BDDCF}.Release|Any CPU.Build.0 = Release|x64
		{15E90DE2-5760-4947-B15E-F562839BDDCF}.Release|x64.ActiveCfg = Release|x64
		{15E90DE2-5760-4947-B15E-F562839BDDCF}.Release|x64.Build.0 = Release|x64
		{15E90DE2-5760-4947-B15E-F562839BDDCF}.Release|x86.ActiveCfg = Release|Win32
		{15E90DE2-5760-4947-B15E-F562839BDDCF}.Release|x86.Build.0 = Release|Win32
	EndGlobalSection
	GlobalSection(SolutionProperties) = preSolution
		HideSolutionNode = FALSE
	EndGlobalSection
	GlobalSection(NestedProjects) = preSolution
		{5C5209A3-C6E5-49D9-9BF0-751F9F6EAC4D} = {C8EC5F17-F732-4C14-A068-9D87902332A4}
		{2060F08D-F2CA-41EC-8405-C0DC69E8AFBE} = {C8EC5F17-F732-4C14-A068-9D87902332A4}
		{AD473786-9CD6-4DD2-AE55-DA642E40BA9D} = {C8EC5F17-F732-4C14-A068-9D87902332A4}
		{D95ABAB4-4311-4B24-B728-7C9050E8BE6B} = {02EA681E-C7D8-13C7-8484-4AC65E1B71E8}
		{E1F4EDCE-9DB6-4EDE-9E71-CA83149EEBC1} = {02EA681E-C7D8-13C7-8484-4AC65E1B71E8}
		{A8B1BF24-4EE0-4638-A6F5-1CB71303167B} = {02EA681E-C7D8-13C7-8484-4AC65E1B71E8}
		{4355A1C9-77AE-447D-8138-CB52E2076A0E} = {5D774255-9B8A-4C72-B267-86892EF09045}
		{15E90DE2-5760-4947-B15E-F562839BDDCF} = {5D774255-9B8A-4C72-B267-86892EF09045}
	EndGlobalSection
	GlobalSection(ExtensibilityGlobals) = postSolution
		SolutionGuid = {E40EED9F-4139-41AD-9303-FE06317A72E9}
	EndGlobalSection
EndGlobal
