<?xml version="1.0" encoding="utf-8"?>
<Project ToolsVersion="4.0" xmlns="http://schemas.microsoft.com/developer/msbuild/2003">
  <ItemGroup>
    <ClCompile Include="NativeProxy.cpp">
      <Filter>源文件</Filter>
    </ClCompile>
    <ClCompile Include="BridgeExports.cpp">
      <Filter>源文件</Filter>
    </ClCompile>
    <ClCompile Include="BridgeDeviceResources.cpp">
      <Filter>源文件</Filter>
    </ClCompile>
  </ItemGroup>
  <ItemGroup>
    <ClInclude Include="BridgeNativeExports.h">
      <Filter>头文件</Filter>
    </ClInclude>
    <ClInclude Include="BridgeRendererInternal.h">
      <Filter>头文件</Filter>
    </ClInclude>
    <ClInclude Include="NativeProxy.h">
      <Filter>头文件</Filter>
    </ClInclude>
  </ItemGroup>
  <ItemGroup>
    <Filter Include="头文件">
      <UniqueIdentifier>{A268DEAF-6F6C-4C20-A4FE-4E36E53A3EB7}</UniqueIdentifier>
    </Filter>
    <Filter Include="源文件">
      <UniqueIdentifier>{4A42EBF3-E166-4968-8CFA-C19FAF5958F5}</UniqueIdentifier>
    </Filter>
  </ItemGroup>
</Project>