<?xml version="1.0" encoding="utf-8"?>
<Project ToolsVersion="4.0" xmlns="http://schemas.microsoft.com/developer/msbuild/2003">
  <ItemGroup>
    <ClCompile Include="BatchComplier.cpp">
      <Filter>Source Files</Filter>
    </ClCompile>
  </ItemGroup>
  <ItemGroup>
    <ClInclude Include="BatchComplier.h">
      <Filter>Header Files</Filter>
    </ClInclude>
    <ClInclude Include="BatchTypes.h">
      <Filter>Header Files</Filter>
    </ClInclude>
    <ClInclude Include="D3DFrameTaskTypes.h">
      <Filter>Header Files</Filter>
    </ClInclude>
    <ClInclude Include="FramePacket.h">
      <Filter>Header Files</Filter>
    </ClInclude>
    <ClInclude Include="RendererLockGuard.h">
      <Filter>Header Files</Filter>
    </ClInclude>
    <ClInclude Include="Watch.h">
      <Filter>Header Files</Filter>
    </ClInclude>
  </ItemGroup>
  <ItemGroup>
    <Filter Include="Header Files">
      <UniqueIdentifier>{E6370956-66B3-4D2A-A183-EB7A79D09A05}</UniqueIdentifier>
    </Filter>
    <Filter Include="Source Files">
      <UniqueIdentifier>{5881541F-0D34-41D1-B16C-C3A43C4DD212}</UniqueIdentifier>
    </Filter>
  </ItemGroup>
</Project>
