<?xml version="1.0" encoding="utf-8"?>
<Project ToolsVersion="4.0" xmlns="http://schemas.microsoft.com/developer/msbuild/2003">
  <ItemGroup>
    <ClCompile Include="D3DBatchDraw.cpp">
      <Filter>源文件</Filter>
    </ClCompile>
    <ClCompile Include="D3D9Renderer.cpp">
      <Filter>源文件</Filter>
    </ClCompile>
    <ClCompile Include="D3D9Backend.cpp">
      <Filter>源文件</Filter>
    </ClCompile>
  </ItemGroup>
  <ItemGroup>
    <ClInclude Include="BatchComplier.h">
      <Filter>头文件</Filter>
    </ClInclude>
    <ClInclude Include="D3DBatchDraw.h">
      <Filter>头文件</Filter>
    </ClInclude>
    <ClInclude Include="D3DBatchDrawTypes.h">
      <Filter>头文件</Filter>
    </ClInclude>
    <ClInclude Include="D3DBatchTypes.h">
      <Filter>头文件</Filter>
    </ClInclude>
    <ClInclude Include="D3D9RendererTypes.h">
      <Filter>头文件</Filter>
    </ClInclude>
    <ClInclude Include="D3D9Renderer.h">
      <Filter>头文件</Filter>
    </ClInclude>
    <ClInclude Include="D3D9Backend.h">
      <Filter>头文件</Filter>
    </ClInclude>
  </ItemGroup>
  <ItemGroup>
    <None Include="packages.config" />
  </ItemGroup>
  <ItemGroup>
    <Filter Include="头文件">
      <UniqueIdentifier>{823852ba-3529-4cd7-b02e-754303e828c1}</UniqueIdentifier>
    </Filter>
    <Filter Include="源文件">
      <UniqueIdentifier>{f7fb2cca-23ca-4c27-a010-cd2fe6fc6520}</UniqueIdentifier>
    </Filter>
    <Filter Include="Shader Files">
      <UniqueIdentifier>{cc1ff4ce-2106-4092-be2d-54c648b6ae2c}</UniqueIdentifier>
    </Filter>
  </ItemGroup>
  <ItemGroup>
    <FxCompile Include="ShapeInstanceVS.hlsl">
      <Filter>Shader Files</Filter>
    </FxCompile>
    <FxCompile Include="ShapeInstancePS.hlsl">
      <Filter>Shader Files</Filter>
    </FxCompile>
    <FxCompile Include="TriangleBatchPS.hlsl">
      <Filter>Shader Files</Filter>
    </FxCompile>
    <FxCompile Include="TriangleBatchVS.hlsl">
      <Filter>Shader Files</Filter>
    </FxCompile>
  </ItemGroup>
</Project>